
Microsoft Visual Studio Solution File, Format Version 12.00
# Visual Studio Version 17
VisualStudioVersion = 17.8.34525.116
MinimumVisualStudioVersion = 10.0.40219.1
Project("{9A19103F-16F7-4668-BE54-9A1E7A4F7556}") = "task2_1", "task2_1\task2_1.csproj", "{88CA191C-21C2-4318-BDE5-B72DE82DB819}"
EndProject
Project("{9A19103F-16F7-4668-BE54-9A1E7A4F7556}") = "task2_2", "task2_21\task2_2.csproj", "{36805F94-A1E1-4BBD-987C-890382994D7A}"
EndProject
Global
	GlobalSection(SolutionConfigurationPlatforms) = preSolution
		Debug|Any CPU = Debug|Any CPU
		Release|Any CPU = Release|Any CPU
	EndGlobalSection
	GlobalSection(ProjectConfigurationPlatforms) = postSolution
		{88CA191C-21C2-4318-BDE5-B72DE82DB819}.Debug|Any CPU.ActiveCfg = Debug|Any CPU
		{88CA191C-21C2-4318-BDE5-B72DE82DB819}.Debug|Any CPU.Build.0 = Debug|Any CPU
		{88CA191C-21C2-4318-BDE5-B72DE82DB819}.Release|Any CPU.ActiveCfg = Release|Any CPU
		{88CA191C-21C2-4318-BDE5-B72DE82DB819}.Release|Any CPU.Build.0 = Release|Any CPU
		{36805F94-A1E1-4BBD-987C-890382994D7A}.Debug|Any CPU.ActiveCfg = Debug|Any CPU
		{36805F94-A1E1-4BBD-987C-890382994D7A}.Debug|Any CPU.Build.0 = Debug|Any CPU
		{36805F94-A1E1-4BBD-987C-890382994D7A}.Release|Any CPU.ActiveCfg = Release|Any CPU
		{36805F94-A1E1-4BBD-987C-890382994D7A}.Release|Any CPU.Build.0 = Release|Any CPU
	EndGlobalSection
	GlobalSection(SolutionProperties) = preSolution
		HideSolutionNode = FALSE
	EndGlobalSection
	GlobalSection(ExtensibilityGlobals) = postSolution
		SolutionGuid = {83127E23-718C-4F9B-A76B-B36CDA1EBD4A}
	EndGlobalSection
EndGlobal
